
Microsoft Visual Studio Solution File, Format Version 11.00
# Visual C# Express 2010
Project("{FAE04EC0-301F-11D3-BF4B-00C04F79EFBC}") = "FiveGame", "FiveGame\FiveGame.csproj", "{7DEB120A-6B9A-4DEC-8183-0877A5CE0884}"
EndProject
Global
	GlobalSection(SolutionConfigurationPlatforms) = preSolution
		Debug|x86 = Debug|x86
		Release|x86 = Release|x86
	EndGlobalSection
	GlobalSection(ProjectConfigurationPlatforms) = postSolution
		{7DEB120A-6B9A-4DEC-8183-0877A5CE0884}.Debug|x86.ActiveCfg = Debug|x86
		{7DEB120A-6B9A-4DEC-8183-0877A5CE0884}.Debug|x86.Build.0 = Debug|x86
		{7DEB120A-6B9A-4DEC-8183-0877A5CE0884}.Release|x86.ActiveCfg = Release|x86
		{7DEB120A-6B9A-4DEC-8183-0877A5CE0884}.Release|x86.Build.0 = Release|x86
	EndGlobalSection
	GlobalSection(SolutionProperties) = preSolution
		HideSolutionNode = FALSE
	EndGlobalSection
EndGlobal
